
Microsoft Visual Studio Solution File, Format Version 12.00
# Visual Studio Version 17
VisualStudioVersion = 17.10.35027.167
MinimumVisualStudioVersion = 10.0.40219.1
Project("{9A19103F-16F7-4668-BE54-9A1E7A4F7556}") = "WEBSITE", "WEBSITE.csproj", "{BC7A770B-4300-4BBC-BE06-0F21D1530026}"
EndProject
Global
	GlobalSection(SolutionConfigurationPlatforms) = preSolution
		Debug|Any CPU = Debug|Any CPU
		Release|Any CPU = Release|Any CPU
	EndGlobalSection
	GlobalSection(ProjectConfigurationPlatforms) = postSolution
		{BC7A770B-4300-4BBC-BE06-0F21D1530026}.Debug|Any CPU.ActiveCfg = Debug|Any CPU
		{BC7A770B-4300-4BBC-BE06-0F21D1530026}.Debug|Any CPU.Build.0 = Debug|Any CPU
		{BC7A770B-4300-4BBC-BE06-0F21D1530026}.Release|Any CPU.ActiveCfg = Release|Any CPU
		{BC7A770B-4300-4BBC-BE06-0F21D1530026}.Release|Any CPU.Build.0 = Release|Any CPU
	EndGlobalSection
	GlobalSection(SolutionProperties) = preSolution
		HideSolutionNode = FALSE
	EndGlobalSection
	GlobalSection(ExtensibilityGlobals) = postSolution
		SolutionGuid = {6F303C96-784A-4F41-BA61-90F073AEE173}
	EndGlobalSection
EndGlobal
